<?xml version="1.0" encoding="UTF-8"?>
<!DOCTYPE plist PUBLIC "-//Apple//DTD PLIST 1.0//EN" "http://www.apple.com/DTDs/PropertyList-1.0.dtd">
<plist version="1.0">
<dict>
	<key>archiveVersion</key>
	<string>1</string>
	<key>classes</key>
	<dict/>
	<key>objectVersion</key>
	<string>46</string>
	<key>objects</key>
	<dict>
		<key>0F7640A4349741119D891A0D</key>
		<dict>
			<key>explicitFileType</key>
			<string>archive.ar</string>
			<key>includeInIndex</key>
			<string>0</string>
			<key>isa</key>
			<string>PBXFileReference</string>
			<key>path</key>
			<string>libPods.a</string>
			<key>sourceTree</key>
			<string>BUILT_PRODUCTS_DIR</string>
		</dict>
		<key>68E647781B9847399CACA2B8</key>
		<dict>
			<key>buildActionMask</key>
			<string>2147483647</string>
			<key>files</key>
			<array/>
			<key>inputPaths</key>
			<array/>
			<key>isa</key>
			<string>PBXShellScriptBuildPhase</string>
			<key>name</key>
			<string>Copy Pods Resources</string>
			<key>outputPaths</key>
			<array/>
			<key>runOnlyForDeploymentPostprocessing</key>
			<string>0</string>
			<key>shellPath</key>
			<string>/bin/sh</string>
			<key>shellScript</key>
			<string>"${SRCROOT}/Pods/Target Support Files/Pods/Pods-resources.sh"
</string>
			<key>showEnvVarsInLog</key>
			<string>0</string>
		</dict>
		<key>6F0C8A59EB8E27E56C9A640F</key>
		<dict>
			<key>includeInIndex</key>
			<string>1</string>
			<key>isa</key>
			<string>PBXFileReference</string>
			<key>lastKnownFileType</key>
			<string>text.xcconfig</string>
			<key>name</key>
			<string>Pods.release.xcconfig</string>
			<key>path</key>
			<string>Pods/Target Support Files/Pods/Pods.release.xcconfig</string>
			<key>sourceTree</key>
			<string>&lt;group&gt;</string>
		</dict>
		<key>703B685E19BED3F000329154</key>
		<dict>
			<key>fileEncoding</key>
			<string>4</string>
			<key>isa</key>
			<string>PBXFileReference</string>
			<key>lastKnownFileType</key>
			<string>sourcecode.c.h</string>
			<key>path</key>
			<string>UsersViewController.h</string>
			<key>sourceTree</key>
			<string>&lt;group&gt;</string>
		</dict>
		<key>703B685F19BED3F000329154</key>
		<dict>
			<key>fileEncoding</key>
			<string>4</string>
			<key>isa</key>
			<string>PBXFileReference</string>
			<key>lastKnownFileType</key>
			<string>sourcecode.c.objc</string>
			<key>path</key>
			<string>UsersViewController.m</string>
			<key>sourceTree</key>
			<string>&lt;group&gt;</string>
		</dict>
		<key>703B686019BED3F000329154</key>
		<dict>
			<key>fileRef</key>
			<string>703B685F19BED3F000329154</string>
			<key>isa</key>
			<string>PBXBuildFile</string>
		</dict>
		<key>703B686119BEEC6500329154</key>
		<dict>
			<key>fileEncoding</key>
			<string>4</string>
			<key>isa</key>
			<string>PBXFileReference</string>
			<key>lastKnownFileType</key>
			<string>sourcecode.c.h</string>
			<key>path</key>
			<string>UserCenterViewController.h</string>
			<key>sourceTree</key>
			<string>&lt;group&gt;</string>
		</dict>
		<key>703B686219BEEC6500329154</key>
		<dict>
			<key>fileEncoding</key>
			<string>4</string>
			<key>isa</key>
			<string>PBXFileReference</string>
			<key>lastKnownFileType</key>
			<string>sourcecode.c.objc</string>
			<key>path</key>
			<string>UserCenterViewController.m</string>
			<key>sourceTree</key>
			<string>&lt;group&gt;</string>
		</dict>
		<key>703B686319BEEC6500329154</key>
		<dict>
			<key>fileRef</key>
			<string>703B686219BEEC6500329154</string>
			<key>isa</key>
			<string>PBXBuildFile</string>
		</dict>
		<key>707498DD19BB0A9700ED5FAC</key>
		<dict>
			<key>fileEncoding</key>
			<string>4</string>
			<key>isa</key>
			<string>PBXFileReference</string>
			<key>lastKnownFileType</key>
			<string>sourcecode.c.h</string>
			<key>path</key>
			<string>LoginViewController.h</string>
			<key>sourceTree</key>
			<string>&lt;group&gt;</string>
		</dict>
		<key>707498DE19BB0A9700ED5FAC</key>
		<dict>
			<key>fileEncoding</key>
			<string>4</string>
			<key>isa</key>
			<string>PBXFileReference</string>
			<key>lastKnownFileType</key>
			<string>sourcecode.c.objc</string>
			<key>path</key>
			<string>LoginViewController.m</string>
			<key>sourceTree</key>
			<string>&lt;group&gt;</string>
		</dict>
		<key>707498DF19BB0A9700ED5FAC</key>
		<dict>
			<key>fileRef</key>
			<string>707498DE19BB0A9700ED5FAC</string>
			<key>isa</key>
			<string>PBXBuildFile</string>
		</dict>
		<key>70DEAF6B19BB792A000796DB</key>
		<dict>
			<key>fileEncoding</key>
			<string>4</string>
			<key>isa</key>
			<string>PBXFileReference</string>
			<key>lastKnownFileType</key>
			<string>sourcecode.c.h</string>
			<key>path</key>
			<string>MainViewController.h</string>
			<key>sourceTree</key>
			<string>&lt;group&gt;</string>
		</dict>
		<key>70DEAF6C19BB792A000796DB</key>
		<dict>
			<key>fileEncoding</key>
			<string>4</string>
			<key>isa</key>
			<string>PBXFileReference</string>
			<key>lastKnownFileType</key>
			<string>sourcecode.c.objc</string>
			<key>path</key>
			<string>MainViewController.m</string>
			<key>sourceTree</key>
			<string>&lt;group&gt;</string>
		</dict>
		<key>70DEAF6D19BB792A000796DB</key>
		<dict>
			<key>fileRef</key>
			<string>70DEAF6C19BB792A000796DB</string>
			<key>isa</key>
			<string>PBXBuildFile</string>
		</dict>
		<key>70DEAF6E19BBFFE1000796DB</key>
		<dict>
			<key>fileEncoding</key>
			<string>4</string>
			<key>isa</key>
			<string>PBXFileReference</string>
			<key>lastKnownFileType</key>
			<string>sourcecode.c.h</string>
			<key>path</key>
			<string>StatusService.h</string>
			<key>sourceTree</key>
			<string>&lt;group&gt;</string>
		</dict>
		<key>70DEAF6F19BBFFE1000796DB</key>
		<dict>
			<key>fileEncoding</key>
			<string>4</string>
			<key>isa</key>
			<string>PBXFileReference</string>
			<key>lastKnownFileType</key>
			<string>sourcecode.c.objc</string>
			<key>path</key>
			<string>StatusService.m</string>
			<key>sourceTree</key>
			<string>&lt;group&gt;</string>
		</dict>
		<key>70DEAF7019BBFFE1000796DB</key>
		<dict>
			<key>fileRef</key>
			<string>70DEAF6F19BBFFE1000796DB</string>
			<key>isa</key>
			<string>PBXBuildFile</string>
		</dict>
		<key>70DEAF7119BC2A05000796DB</key>
		<dict>
			<key>fileEncoding</key>
			<string>4</string>
			<key>isa</key>
			<string>PBXFileReference</string>
			<key>lastKnownFileType</key>
			<string>sourcecode.c.h</string>
			<key>path</key>
			<string>AddViewController.h</string>
			<key>sourceTree</key>
			<string>&lt;group&gt;</string>
		</dict>
		<key>70DEAF7219BC2A05000796DB</key>
		<dict>
			<key>fileEncoding</key>
			<string>4</string>
			<key>isa</key>
			<string>PBXFileReference</string>
			<key>lastKnownFileType</key>
			<string>sourcecode.c.objc</string>
			<key>path</key>
			<string>AddViewController.m</string>
			<key>sourceTree</key>
			<string>&lt;group&gt;</string>
		</dict>
		<key>70DEAF7319BC2A05000796DB</key>
		<dict>
			<key>fileRef</key>
			<string>70DEAF7219BC2A05000796DB</string>
			<key>isa</key>
			<string>PBXBuildFile</string>
		</dict>
		<key>70DEAF7419BC58A3000796DB</key>
		<dict>
			<key>fileEncoding</key>
			<string>4</string>
			<key>isa</key>
			<string>PBXFileReference</string>
			<key>lastKnownFileType</key>
			<string>sourcecode.c.h</string>
			<key>path</key>
			<string>SimpleTableViewCell.h</string>
			<key>sourceTree</key>
			<string>&lt;group&gt;</string>
		</dict>
		<key>70DEAF7519BC58A3000796DB</key>
		<dict>
			<key>fileEncoding</key>
			<string>4</string>
			<key>isa</key>
			<string>PBXFileReference</string>
			<key>lastKnownFileType</key>
			<string>sourcecode.c.objc</string>
			<key>path</key>
			<string>SimpleTableViewCell.m</string>
			<key>sourceTree</key>
			<string>&lt;group&gt;</string>
		</dict>
		<key>70DEAF7619BC58A3000796DB</key>
		<dict>
			<key>fileRef</key>
			<string>70DEAF7519BC58A3000796DB</string>
			<key>isa</key>
			<string>PBXBuildFile</string>
		</dict>
		<key>70E86D3519A8A46000B71831</key>
		<dict>
			<key>isa</key>
			<string>PBXFileReference</string>
			<key>lastKnownFileType</key>
			<string>wrapper.framework</string>
			<key>name</key>
			<string>AVOSCloud.framework</string>
			<key>path</key>
			<string>Pods/AVOSCloud/iOS/release-v2.6.2.1/AVOSCloud.framework</string>
			<key>sourceTree</key>
			<string>&lt;group&gt;</string>
		</dict>
		<key>70E86D3619A8A46000B71831</key>
		<dict>
			<key>fileRef</key>
			<string>70E86D3519A8A46000B71831</string>
			<key>isa</key>
			<string>PBXBuildFile</string>
		</dict>
		<key>70E86D3719A8A47C00B71831</key>
		<dict>
			<key>isa</key>
			<string>PBXFileReference</string>
			<key>lastKnownFileType</key>
			<string>wrapper.framework</string>
			<key>name</key>
			<string>AVOSCloudUI.framework</string>
			<key>path</key>
			<string>Pods/AVOSCloudUI/iOS/release-v2.1.2/AVOSCloudUI.framework</string>
			<key>sourceTree</key>
			<string>&lt;group&gt;</string>
		</dict>
		<key>70E86D3819A8A47C00B71831</key>
		<dict>
			<key>fileRef</key>
			<string>70E86D3719A8A47C00B71831</string>
			<key>isa</key>
			<string>PBXBuildFile</string>
		</dict>
		<key>70E86D3919A8A49400B71831</key>
		<dict>
			<key>isa</key>
			<string>PBXFileReference</string>
			<key>lastKnownFileType</key>
			<string>wrapper.framework</string>
			<key>name</key>
			<string>SystemConfiguration.framework</string>
			<key>path</key>
			<string>System/Library/Frameworks/SystemConfiguration.framework</string>
			<key>sourceTree</key>
			<string>SDKROOT</string>
		</dict>
		<key>70E86D3A19A8A49400B71831</key>
		<dict>
			<key>fileRef</key>
			<string>70E86D3919A8A49400B71831</string>
			<key>isa</key>
			<string>PBXBuildFile</string>
		</dict>
		<key>70E86D3B19A8A4A000B71831</key>
		<dict>
			<key>isa</key>
			<string>PBXFileReference</string>
			<key>lastKnownFileType</key>
			<string>wrapper.framework</string>
			<key>name</key>
			<string>MobileCoreServices.framework</string>
			<key>path</key>
			<string>System/Library/Frameworks/MobileCoreServices.framework</string>
			<key>sourceTree</key>
			<string>SDKROOT</string>
		</dict>
		<key>70E86D3C19A8A4A000B71831</key>
		<dict>
			<key>fileRef</key>
			<string>70E86D3B19A8A4A000B71831</string>
			<key>isa</key>
			<string>PBXBuildFile</string>
		</dict>
		<key>70E86D3D19A8A4AA00B71831</key>
		<dict>
			<key>isa</key>
			<string>PBXFileReference</string>
			<key>lastKnownFileType</key>
			<string>wrapper.framework</string>
			<key>name</key>
			<string>CoreTelephony.framework</string>
			<key>path</key>
			<string>System/Library/Frameworks/CoreTelephony.framework</string>
			<key>sourceTree</key>
			<string>SDKROOT</string>
		</dict>
		<key>70E86D3E19A8A4AA00B71831</key>
		<dict>
			<key>fileRef</key>
			<string>70E86D3D19A8A4AA00B71831</string>
			<key>isa</key>
			<string>PBXBuildFile</string>
		</dict>
		<key>70E86D3F19A8A4B500B71831</key>
		<dict>
			<key>isa</key>
			<string>PBXFileReference</string>
			<key>lastKnownFileType</key>
			<string>wrapper.framework</string>
			<key>name</key>
			<string>CoreLocation.framework</string>
			<key>path</key>
			<string>System/Library/Frameworks/CoreLocation.framework</string>
			<key>sourceTree</key>
			<string>SDKROOT</string>
		</dict>
		<key>70E86D4019A8A4B500B71831</key>
		<dict>
			<key>fileRef</key>
			<string>70E86D3F19A8A4B500B71831</string>
			<key>isa</key>
			<string>PBXBuildFile</string>
		</dict>
		<key>70E86D4119A8A4C500B71831</key>
		<dict>
			<key>isa</key>
			<string>PBXFileReference</string>
			<key>lastKnownFileType</key>
			<string>compiled.mach-o.dylib</string>
			<key>name</key>
			<string>libicucore.dylib</string>
			<key>path</key>
			<string>usr/lib/libicucore.dylib</string>
			<key>sourceTree</key>
			<string>SDKROOT</string>
		</dict>
		<key>70E86D4219A8A4C500B71831</key>
		<dict>
			<key>fileRef</key>
			<string>70E86D4119A8A4C500B71831</string>
			<key>isa</key>
			<string>PBXBuildFile</string>
		</dict>
		<key>70E86D4319A8A4D100B71831</key>
		<dict>
			<key>isa</key>
			<string>PBXFileReference</string>
			<key>lastKnownFileType</key>
			<string>wrapper.framework</string>
			<key>name</key>
			<string>CFNetwork.framework</string>
			<key>path</key>
			<string>System/Library/Frameworks/CFNetwork.framework</string>
			<key>sourceTree</key>
			<string>SDKROOT</string>
		</dict>
		<key>70E86D4419A8A4D100B71831</key>
		<dict>
			<key>fileRef</key>
			<string>70E86D4319A8A4D100B71831</string>
			<key>isa</key>
			<string>PBXBuildFile</string>
		</dict>
		<key>70EA80E219A756BC00B5DD4E</key>
		<dict>
			<key>children</key>
			<array>
				<string>70EA80F419A756BC00B5DD4E</string>
				<string>70EA811919A756BC00B5DD4E</string>
				<string>70EA80ED19A756BC00B5DD4E</string>
				<string>70EA80EC19A756BC00B5DD4E</string>
				<string>E3B2E3C4BA55445C920D441C</string>
			</array>
			<key>isa</key>
			<string>PBXGroup</string>
			<key>sourceTree</key>
			<string>&lt;group&gt;</string>
		</dict>
		<key>70EA80E319A756BC00B5DD4E</key>
		<dict>
			<key>attributes</key>
			<dict>
				<key>LastUpgradeCheck</key>
				<string>0510</string>
				<key>ORGANIZATIONNAME</key>
				<string>lzw</string>
				<key>TargetAttributes</key>
				<dict>
					<key>70EA80EA19A756BC00B5DD4E</key>
					<dict>
						<key>DevelopmentTeam</key>
						<string>Y6X8P44TM5</string>
					</dict>
					<key>70EA811119A756BC00B5DD4E</key>
					<dict>
						<key>TestTargetID</key>
						<string>70EA80EA19A756BC00B5DD4E</string>
					</dict>
				</dict>
			</dict>
			<key>buildConfigurationList</key>
			<string>70EA80E619A756BC00B5DD4E</string>
			<key>compatibilityVersion</key>
			<string>Xcode 3.2</string>
			<key>developmentRegion</key>
			<string>English</string>
			<key>hasScannedForEncodings</key>
			<string>0</string>
			<key>isa</key>
			<string>PBXProject</string>
			<key>knownRegions</key>
			<array>
				<string>en</string>
				<string>Base</string>
			</array>
			<key>mainGroup</key>
			<string>70EA80E219A756BC00B5DD4E</string>
			<key>productRefGroup</key>
			<string>70EA80EC19A756BC00B5DD4E</string>
			<key>projectDirPath</key>
			<string></string>
			<key>projectReferences</key>
			<array/>
			<key>projectRoot</key>
			<string></string>
			<key>targets</key>
			<array>
				<string>70EA80EA19A756BC00B5DD4E</string>
				<string>70EA811119A756BC00B5DD4E</string>
			</array>
		</dict>
		<key>70EA80E619A756BC00B5DD4E</key>
		<dict>
			<key>buildConfigurations</key>
			<array>
				<string>70EA812119A756BC00B5DD4E</string>
				<string>70EA812219A756BC00B5DD4E</string>
			</array>
			<key>defaultConfigurationIsVisible</key>
			<string>0</string>
			<key>defaultConfigurationName</key>
			<string>Release</string>
			<key>isa</key>
			<string>XCConfigurationList</string>
		</dict>
		<key>70EA80E719A756BC00B5DD4E</key>
		<dict>
			<key>buildActionMask</key>
			<string>2147483647</string>
			<key>files</key>
			<array>
				<string>70EA80FF19A756BC00B5DD4E</string>
				<string>703B686019BED3F000329154</string>
				<string>703B686319BEEC6500329154</string>
				<string>70DEAF6D19BB792A000796DB</string>
				<string>70EA810819A756BC00B5DD4E</string>
				<string>70EA80FB19A756BC00B5DD4E</string>
				<string>70DEAF7619BC58A3000796DB</string>
				<string>70EA810B19A756BC00B5DD4E</string>
				<string>707498DF19BB0A9700ED5FAC</string>
				<string>70DEAF7319BC2A05000796DB</string>
				<string>70DEAF7019BBFFE1000796DB</string>
			</array>
			<key>isa</key>
			<string>PBXSourcesBuildPhase</string>
			<key>runOnlyForDeploymentPostprocessing</key>
			<string>0</string>
		</dict>
		<key>70EA80E819A756BC00B5DD4E</key>
		<dict>
			<key>buildActionMask</key>
			<string>2147483647</string>
			<key>files</key>
			<array>
				<string>70E86D4419A8A4D100B71831</string>
				<string>70E86D4219A8A4C500B71831</string>
				<string>70E86D4019A8A4B500B71831</string>
				<string>70E86D3E19A8A4AA00B71831</string>
				<string>70E86D3C19A8A4A000B71831</string>
				<string>70E86D3A19A8A49400B71831</string>
				<string>70E86D3819A8A47C00B71831</string>
				<string>70E86D3619A8A46000B71831</string>
				<string>70EA80F119A756BC00B5DD4E</string>
				<string>70EA80F319A756BC00B5DD4E</string>
				<string>70EA80EF19A756BC00B5DD4E</string>
				<string>82EDB0A4B6E96D09198F681F</string>
			</array>
			<key>isa</key>
			<string>PBXFrameworksBuildPhase</string>
			<key>runOnlyForDeploymentPostprocessing</key>
			<string>0</string>
		</dict>
		<key>70EA80E919A756BC00B5DD4E</key>
		<dict>
			<key>buildActionMask</key>
			<string>2147483647</string>
			<key>files</key>
			<array>
				<string>70EA810519A756BC00B5DD4E</string>
				<string>70EA810D19A756BC00B5DD4E</string>
				<string>70EA810219A756BC00B5DD4E</string>
				<string>70EA80F919A756BC00B5DD4E</string>
			</array>
			<key>isa</key>
			<string>PBXResourcesBuildPhase</string>
			<key>runOnlyForDeploymentPostprocessing</key>
			<string>0</string>
		</dict>
		<key>70EA80EA19A756BC00B5DD4E</key>
		<dict>
			<key>buildConfigurationList</key>
			<string>70EA812319A756BC00B5DD4E</string>
			<key>buildPhases</key>
			<array>
				<string>FB961937677B4760948EEC23</string>
				<string>70EA80E719A756BC00B5DD4E</string>
				<string>70EA80E819A756BC00B5DD4E</string>
				<string>70EA80E919A756BC00B5DD4E</string>
				<string>68E647781B9847399CACA2B8</string>
			</array>
			<key>buildRules</key>
			<array/>
			<key>dependencies</key>
			<array/>
			<key>isa</key>
			<string>PBXNativeTarget</string>
			<key>name</key>
			<string>test</string>
			<key>productName</key>
			<string>test</string>
			<key>productReference</key>
			<string>70EA80EB19A756BC00B5DD4E</string>
			<key>productType</key>
			<string>com.apple.product-type.application</string>
		</dict>
		<key>70EA80EB19A756BC00B5DD4E</key>
		<dict>
			<key>explicitFileType</key>
			<string>wrapper.application</string>
			<key>includeInIndex</key>
			<string>0</string>
			<key>isa</key>
			<string>PBXFileReference</string>
			<key>path</key>
			<string>test.app</string>
			<key>sourceTree</key>
			<string>BUILT_PRODUCTS_DIR</string>
		</dict>
		<key>70EA80EC19A756BC00B5DD4E</key>
		<dict>
			<key>children</key>
			<array>
				<string>70EA80EB19A756BC00B5DD4E</string>
				<string>70EA811219A756BC00B5DD4E</string>
			</array>
			<key>isa</key>
			<string>PBXGroup</string>
			<key>name</key>
			<string>Products</string>
			<key>sourceTree</key>
			<string>&lt;group&gt;</string>
		</dict>
		<key>70EA80ED19A756BC00B5DD4E</key>
		<dict>
			<key>children</key>
			<array>
				<string>70E86D4319A8A4D100B71831</string>
				<string>70E86D4119A8A4C500B71831</string>
				<string>70E86D3F19A8A4B500B71831</string>
				<string>70E86D3D19A8A4AA00B71831</string>
				<string>70E86D3B19A8A4A000B71831</string>
				<string>70E86D3919A8A49400B71831</string>
				<string>70E86D3719A8A47C00B71831</string>
				<string>70E86D3519A8A46000B71831</string>
				<string>70EA80EE19A756BC00B5DD4E</string>
				<string>70EA80F019A756BC00B5DD4E</string>
				<string>70EA80F219A756BC00B5DD4E</string>
				<string>70EA811319A756BC00B5DD4E</string>
				<string>0F7640A4349741119D891A0D</string>
			</array>
			<key>isa</key>
			<string>PBXGroup</string>
			<key>name</key>
			<string>Frameworks</string>
			<key>sourceTree</key>
			<string>&lt;group&gt;</string>
		</dict>
		<key>70EA80EE19A756BC00B5DD4E</key>
		<dict>
			<key>isa</key>
			<string>PBXFileReference</string>
			<key>lastKnownFileType</key>
			<string>wrapper.framework</string>
			<key>name</key>
			<string>Foundation.framework</string>
			<key>path</key>
			<string>System/Library/Frameworks/Foundation.framework</string>
			<key>sourceTree</key>
			<string>SDKROOT</string>
		</dict>
		<key>70EA80EF19A756BC00B5DD4E</key>
		<dict>
			<key>fileRef</key>
			<string>70EA80EE19A756BC00B5DD4E</string>
			<key>isa</key>
			<string>PBXBuildFile</string>
		</dict>
		<key>70EA80F019A756BC00B5DD4E</key>
		<dict>
			<key>isa</key>
			<string>PBXFileReference</string>
			<key>lastKnownFileType</key>
			<string>wrapper.framework</string>
			<key>name</key>
			<string>CoreGraphics.framework</string>
			<key>path</key>
			<string>System/Library/Frameworks/CoreGraphics.framework</string>
			<key>sourceTree</key>
			<string>SDKROOT</string>
		</dict>
		<key>70EA80F119A756BC00B5DD4E</key>
		<dict>
			<key>fileRef</key>
			<string>70EA80F019A756BC00B5DD4E</string>
			<key>isa</key>
			<string>PBXBuildFile</string>
		</dict>
		<key>70EA80F219A756BC00B5DD4E</key>
		<dict>
			<key>isa</key>
			<string>PBXFileReference</string>
			<key>lastKnownFileType</key>
			<string>wrapper.framework</string>
			<key>name</key>
			<string>UIKit.framework</string>
			<key>path</key>
			<string>System/Library/Frameworks/UIKit.framework</string>
			<key>sourceTree</key>
			<string>SDKROOT</string>
		</dict>
		<key>70EA80F319A756BC00B5DD4E</key>
		<dict>
			<key>fileRef</key>
			<string>70EA80F219A756BC00B5DD4E</string>
			<key>isa</key>
			<string>PBXBuildFile</string>
		</dict>
		<key>70EA80F419A756BC00B5DD4E</key>
		<dict>
			<key>children</key>
			<array>
				<string>70EA80FD19A756BC00B5DD4E</string>
				<string>70EA80FE19A756BC00B5DD4E</string>
				<string>70EA810019A756BC00B5DD4E</string>
				<string>70EA810319A756BC00B5DD4E</string>
				<string>70EA810619A756BC00B5DD4E</string>
				<string>70EA810719A756BC00B5DD4E</string>
				<string>70EA810919A756BC00B5DD4E</string>
				<string>70EA810A19A756BC00B5DD4E</string>
				<string>70EA810C19A756BC00B5DD4E</string>
				<string>70EA80F519A756BC00B5DD4E</string>
				<string>707498DD19BB0A9700ED5FAC</string>
				<string>707498DE19BB0A9700ED5FAC</string>
				<string>70DEAF6B19BB792A000796DB</string>
				<string>70DEAF6C19BB792A000796DB</string>
				<string>70DEAF6E19BBFFE1000796DB</string>
				<string>70DEAF6F19BBFFE1000796DB</string>
				<string>70DEAF7119BC2A05000796DB</string>
				<string>70DEAF7219BC2A05000796DB</string>
				<string>70DEAF7419BC58A3000796DB</string>
				<string>70DEAF7519BC58A3000796DB</string>
				<string>703B685E19BED3F000329154</string>
				<string>703B685F19BED3F000329154</string>
				<string>703B686119BEEC6500329154</string>
				<string>703B686219BEEC6500329154</string>
			</array>
			<key>isa</key>
			<string>PBXGroup</string>
			<key>path</key>
			<string>test</string>
			<key>sourceTree</key>
			<string>&lt;group&gt;</string>
		</dict>
		<key>70EA80F519A756BC00B5DD4E</key>
		<dict>
			<key>children</key>
			<array>
				<string>70EA80F619A756BC00B5DD4E</string>
				<string>70EA80F719A756BC00B5DD4E</string>
				<string>70EA80FA19A756BC00B5DD4E</string>
				<string>70EA80FC19A756BC00B5DD4E</string>
			</array>
			<key>isa</key>
			<string>PBXGroup</string>
			<key>name</key>
			<string>Supporting Files</string>
			<key>sourceTree</key>
			<string>&lt;group&gt;</string>
		</dict>
		<key>70EA80F619A756BC00B5DD4E</key>
		<dict>
			<key>isa</key>
			<string>PBXFileReference</string>
			<key>lastKnownFileType</key>
			<string>text.plist.xml</string>
			<key>path</key>
			<string>test-Info.plist</string>
			<key>sourceTree</key>
			<string>&lt;group&gt;</string>
		</dict>
		<key>70EA80F719A756BC00B5DD4E</key>
		<dict>
			<key>children</key>
			<array>
				<string>70EA80F819A756BC00B5DD4E</string>
			</array>
			<key>isa</key>
			<string>PBXVariantGroup</string>
			<key>name</key>
			<string>InfoPlist.strings</string>
			<key>sourceTree</key>
			<string>&lt;group&gt;</string>
		</dict>
		<key>70EA80F819A756BC00B5DD4E</key>
		<dict>
			<key>isa</key>
			<string>PBXFileReference</string>
			<key>lastKnownFileType</key>
			<string>text.plist.strings</string>
			<key>name</key>
			<string>en</string>
			<key>path</key>
			<string>en.lproj/InfoPlist.strings</string>
			<key>sourceTree</key>
			<string>&lt;group&gt;</string>
		</dict>
		<key>70EA80F919A756BC00B5DD4E</key>
		<dict>
			<key>fileRef</key>
			<string>70EA80F719A756BC00B5DD4E</string>
			<key>isa</key>
			<string>PBXBuildFile</string>
		</dict>
		<key>70EA80FA19A756BC00B5DD4E</key>
		<dict>
			<key>isa</key>
			<string>PBXFileReference</string>
			<key>lastKnownFileType</key>
			<string>sourcecode.c.objc</string>
			<key>path</key>
			<string>main.m</string>
			<key>sourceTree</key>
			<string>&lt;group&gt;</string>
		</dict>
		<key>70EA80FB19A756BC00B5DD4E</key>
		<dict>
			<key>fileRef</key>
			<string>70EA80FA19A756BC00B5DD4E</string>
			<key>isa</key>
			<string>PBXBuildFile</string>
		</dict>
		<key>70EA80FC19A756BC00B5DD4E</key>
		<dict>
			<key>isa</key>
			<string>PBXFileReference</string>
			<key>lastKnownFileType</key>
			<string>sourcecode.c.h</string>
			<key>path</key>
			<string>test-Prefix.pch</string>
			<key>sourceTree</key>
			<string>&lt;group&gt;</string>
		</dict>
		<key>70EA80FD19A756BC00B5DD4E</key>
		<dict>
			<key>isa</key>
			<string>PBXFileReference</string>
			<key>lastKnownFileType</key>
			<string>sourcecode.c.h</string>
			<key>path</key>
			<string>AppDelegate.h</string>
			<key>sourceTree</key>
			<string>&lt;group&gt;</string>
		</dict>
		<key>70EA80FE19A756BC00B5DD4E</key>
		<dict>
			<key>isa</key>
			<string>PBXFileReference</string>
			<key>lastKnownFileType</key>
			<string>sourcecode.c.objc</string>
			<key>path</key>
			<string>AppDelegate.m</string>
			<key>sourceTree</key>
			<string>&lt;group&gt;</string>
		</dict>
		<key>70EA80FF19A756BC00B5DD4E</key>
		<dict>
			<key>fileRef</key>
			<string>70EA80FE19A756BC00B5DD4E</string>
			<key>isa</key>
			<string>PBXBuildFile</string>
		</dict>
		<key>70EA810019A756BC00B5DD4E</key>
		<dict>
			<key>children</key>
			<array>
				<string>70EA810119A756BC00B5DD4E</string>
			</array>
			<key>isa</key>
			<string>PBXVariantGroup</string>
			<key>name</key>
			<string>Main_iPhone.storyboard</string>
			<key>sourceTree</key>
			<string>&lt;group&gt;</string>
		</dict>
		<key>70EA810119A756BC00B5DD4E</key>
		<dict>
			<key>isa</key>
			<string>PBXFileReference</string>
			<key>lastKnownFileType</key>
			<string>file.storyboard</string>
			<key>name</key>
			<string>Base</string>
			<key>path</key>
			<string>Base.lproj/Main_iPhone.storyboard</string>
			<key>sourceTree</key>
			<string>&lt;group&gt;</string>
		</dict>
		<key>70EA810219A756BC00B5DD4E</key>
		<dict>
			<key>fileRef</key>
			<string>70EA810019A756BC00B5DD4E</string>
			<key>isa</key>
			<string>PBXBuildFile</string>
		</dict>
		<key>70EA810319A756BC00B5DD4E</key>
		<dict>
			<key>children</key>
			<array>
				<string>70EA810419A756BC00B5DD4E</string>
			</array>
			<key>isa</key>
			<string>PBXVariantGroup</string>
			<key>name</key>
			<string>Main_iPad.storyboard</string>
			<key>sourceTree</key>
			<string>&lt;group&gt;</string>
		</dict>
		<key>70EA810419A756BC00B5DD4E</key>
		<dict>
			<key>isa</key>
			<string>PBXFileReference</string>
			<key>lastKnownFileType</key>
			<string>file.storyboard</string>
			<key>name</key>
			<string>Base</string>
			<key>path</key>
			<string>Base.lproj/Main_iPad.storyboard</string>
			<key>sourceTree</key>
			<string>&lt;group&gt;</string>
		</dict>
		<key>70EA810519A756BC00B5DD4E</key>
		<dict>
			<key>fileRef</key>
			<string>70EA810319A756BC00B5DD4E</string>
			<key>isa</key>
			<string>PBXBuildFile</string>
		</dict>
		<key>70EA810619A756BC00B5DD4E</key>
		<dict>
			<key>isa</key>
			<string>PBXFileReference</string>
			<key>lastKnownFileType</key>
			<string>sourcecode.c.h</string>
			<key>path</key>
			<string>MasterViewController.h</string>
			<key>sourceTree</key>
			<string>&lt;group&gt;</string>
		</dict>
		<key>70EA810719A756BC00B5DD4E</key>
		<dict>
			<key>isa</key>
			<string>PBXFileReference</string>
			<key>lastKnownFileType</key>
			<string>sourcecode.c.objc</string>
			<key>path</key>
			<string>MasterViewController.m</string>
			<key>sourceTree</key>
			<string>&lt;group&gt;</string>
		</dict>
		<key>70EA810819A756BC00B5DD4E</key>
		<dict>
			<key>fileRef</key>
			<string>70EA810719A756BC00B5DD4E</string>
			<key>isa</key>
			<string>PBXBuildFile</string>
		</dict>
		<key>70EA810919A756BC00B5DD4E</key>
		<dict>
			<key>isa</key>
			<string>PBXFileReference</string>
			<key>lastKnownFileType</key>
			<string>sourcecode.c.h</string>
			<key>path</key>
			<string>DetailViewController.h</string>
			<key>sourceTree</key>
			<string>&lt;group&gt;</string>
		</dict>
		<key>70EA810A19A756BC00B5DD4E</key>
		<dict>
			<key>isa</key>
			<string>PBXFileReference</string>
			<key>lastKnownFileType</key>
			<string>sourcecode.c.objc</string>
			<key>path</key>
			<string>DetailViewController.m</string>
			<key>sourceTree</key>
			<string>&lt;group&gt;</string>
		</dict>
		<key>70EA810B19A756BC00B5DD4E</key>
		<dict>
			<key>fileRef</key>
			<string>70EA810A19A756BC00B5DD4E</string>
			<key>isa</key>
			<string>PBXBuildFile</string>
		</dict>
		<key>70EA810C19A756BC00B5DD4E</key>
		<dict>
			<key>isa</key>
			<string>PBXFileReference</string>
			<key>lastKnownFileType</key>
			<string>folder.assetcatalog</string>
			<key>path</key>
			<string>Images.xcassets</string>
			<key>sourceTree</key>
			<string>&lt;group&gt;</string>
		</dict>
		<key>70EA810D19A756BC00B5DD4E</key>
		<dict>
			<key>fileRef</key>
			<string>70EA810C19A756BC00B5DD4E</string>
			<key>isa</key>
			<string>PBXBuildFile</string>
		</dict>
		<key>70EA810E19A756BC00B5DD4E</key>
		<dict>
			<key>buildActionMask</key>
			<string>2147483647</string>
			<key>files</key>
			<array>
				<string>70EA812019A756BC00B5DD4E</string>
			</array>
			<key>isa</key>
			<string>PBXSourcesBuildPhase</string>
			<key>runOnlyForDeploymentPostprocessing</key>
			<string>0</string>
		</dict>
		<key>70EA810F19A756BC00B5DD4E</key>
		<dict>
			<key>buildActionMask</key>
			<string>2147483647</string>
			<key>files</key>
			<array>
				<string>70EA811419A756BC00B5DD4E</string>
				<string>70EA811619A756BC00B5DD4E</string>
				<string>70EA811519A756BC00B5DD4E</string>
			</array>
			<key>isa</key>
			<string>PBXFrameworksBuildPhase</string>
			<key>runOnlyForDeploymentPostprocessing</key>
			<string>0</string>
		</dict>
		<key>70EA811019A756BC00B5DD4E</key>
		<dict>
			<key>buildActionMask</key>
			<string>2147483647</string>
			<key>files</key>
			<array>
				<string>70EA811E19A756BC00B5DD4E</string>
			</array>
			<key>isa</key>
			<string>PBXResourcesBuildPhase</string>
			<key>runOnlyForDeploymentPostprocessing</key>
			<string>0</string>
		</dict>
		<key>70EA811119A756BC00B5DD4E</key>
		<dict>
			<key>buildConfigurationList</key>
			<string>70EA812619A756BC00B5DD4E</string>
			<key>buildPhases</key>
			<array>
				<string>70EA810E19A756BC00B5DD4E</string>
				<string>70EA810F19A756BC00B5DD4E</string>
				<string>70EA811019A756BC00B5DD4E</string>
			</array>
			<key>buildRules</key>
			<array/>
			<key>dependencies</key>
			<array>
				<string>70EA811819A756BC00B5DD4E</string>
			</array>
			<key>isa</key>
			<string>PBXNativeTarget</string>
			<key>name</key>
			<string>testTests</string>
			<key>productName</key>
			<string>testTests</string>
			<key>productReference</key>
			<string>70EA811219A756BC00B5DD4E</string>
			<key>productType</key>
			<string>com.apple.product-type.bundle.unit-test</string>
		</dict>
		<key>70EA811219A756BC00B5DD4E</key>
		<dict>
			<key>explicitFileType</key>
			<string>wrapper.cfbundle</string>
			<key>includeInIndex</key>
			<string>0</string>
			<key>isa</key>
			<string>PBXFileReference</string>
			<key>path</key>
			<string>testTests.xctest</string>
			<key>sourceTree</key>
			<string>BUILT_PRODUCTS_DIR</string>
		</dict>
		<key>70EA811319A756BC00B5DD4E</key>
		<dict>
			<key>isa</key>
			<string>PBXFileReference</string>
			<key>lastKnownFileType</key>
			<string>wrapper.framework</string>
			<key>name</key>
			<string>XCTest.framework</string>
			<key>path</key>
			<string>Library/Frameworks/XCTest.framework</string>
			<key>sourceTree</key>
			<string>DEVELOPER_DIR</string>
		</dict>
		<key>70EA811419A756BC00B5DD4E</key>
		<dict>
			<key>fileRef</key>
			<string>70EA811319A756BC00B5DD4E</string>
			<key>isa</key>
			<string>PBXBuildFile</string>
		</dict>
		<key>70EA811519A756BC00B5DD4E</key>
		<dict>
			<key>fileRef</key>
			<string>70EA80EE19A756BC00B5DD4E</string>
			<key>isa</key>
			<string>PBXBuildFile</string>
		</dict>
		<key>70EA811619A756BC00B5DD4E</key>
		<dict>
			<key>fileRef</key>
			<string>70EA80F219A756BC00B5DD4E</string>
			<key>isa</key>
			<string>PBXBuildFile</string>
		</dict>
		<key>70EA811719A756BC00B5DD4E</key>
		<dict>
			<key>containerPortal</key>
			<string>70EA80E319A756BC00B5DD4E</string>
			<key>isa</key>
			<string>PBXContainerItemProxy</string>
			<key>proxyType</key>
			<string>1</string>
			<key>remoteGlobalIDString</key>
			<string>70EA80EA19A756BC00B5DD4E</string>
			<key>remoteInfo</key>
			<string>test</string>
		</dict>
		<key>70EA811819A756BC00B5DD4E</key>
		<dict>
			<key>isa</key>
			<string>PBXTargetDependency</string>
			<key>target</key>
			<string>70EA80EA19A756BC00B5DD4E</string>
			<key>targetProxy</key>
			<string>70EA811719A756BC00B5DD4E</string>
		</dict>
		<key>70EA811919A756BC00B5DD4E</key>
		<dict>
			<key>children</key>
			<array>
				<string>70EA811F19A756BC00B5DD4E</string>
				<string>70EA811A19A756BC00B5DD4E</string>
			</array>
			<key>isa</key>
			<string>PBXGroup</string>
			<key>path</key>
			<string>testTests</string>
			<key>sourceTree</key>
			<string>&lt;group&gt;</string>
		</dict>
		<key>70EA811A19A756BC00B5DD4E</key>
		<dict>
			<key>children</key>
			<array>
				<string>70EA811B19A756BC00B5DD4E</string>
				<string>70EA811C19A756BC00B5DD4E</string>
			</array>
			<key>isa</key>
			<string>PBXGroup</string>
			<key>name</key>
			<string>Supporting Files</string>
			<key>sourceTree</key>
			<string>&lt;group&gt;</string>
		</dict>
		<key>70EA811B19A756BC00B5DD4E</key>
		<dict>
			<key>isa</key>
			<string>PBXFileReference</string>
			<key>lastKnownFileType</key>
			<string>text.plist.xml</string>
			<key>path</key>
			<string>testTests-Info.plist</string>
			<key>sourceTree</key>
			<string>&lt;group&gt;</string>
		</dict>
		<key>70EA811C19A756BC00B5DD4E</key>
		<dict>
			<key>children</key>
			<array>
				<string>70EA811D19A756BC00B5DD4E</string>
			</array>
			<key>isa</key>
			<string>PBXVariantGroup</string>
			<key>name</key>
			<string>InfoPlist.strings</string>
			<key>sourceTree</key>
			<string>&lt;group&gt;</string>
		</dict>
		<key>70EA811D19A756BC00B5DD4E</key>
		<dict>
			<key>isa</key>
			<string>PBXFileReference</string>
			<key>lastKnownFileType</key>
			<string>text.plist.strings</string>
			<key>name</key>
			<string>en</string>
			<key>path</key>
			<string>en.lproj/InfoPlist.strings</string>
			<key>sourceTree</key>
			<string>&lt;group&gt;</string>
		</dict>
		<key>70EA811E19A756BC00B5DD4E</key>
		<dict>
			<key>fileRef</key>
			<string>70EA811C19A756BC00B5DD4E</string>
			<key>isa</key>
			<string>PBXBuildFile</string>
		</dict>
		<key>70EA811F19A756BC00B5DD4E</key>
		<dict>
			<key>isa</key>
			<string>PBXFileReference</string>
			<key>lastKnownFileType</key>
			<string>sourcecode.c.objc</string>
			<key>path</key>
			<string>testTests.m</string>
			<key>sourceTree</key>
			<string>&lt;group&gt;</string>
		</dict>
		<key>70EA812019A756BC00B5DD4E</key>
		<dict>
			<key>fileRef</key>
			<string>70EA811F19A756BC00B5DD4E</string>
			<key>isa</key>
			<string>PBXBuildFile</string>
		</dict>
		<key>70EA812119A756BC00B5DD4E</key>
		<dict>
			<key>buildSettings</key>
			<dict>
				<key>ALWAYS_SEARCH_USER_PATHS</key>
				<string>NO</string>
				<key>CLANG_CXX_LANGUAGE_STANDARD</key>
				<string>gnu++0x</string>
				<key>CLANG_CXX_LIBRARY</key>
				<string>libc++</string>
				<key>CLANG_ENABLE_MODULES</key>
				<string>YES</string>
				<key>CLANG_ENABLE_OBJC_ARC</key>
				<string>YES</string>
				<key>CLANG_WARN_BOOL_CONVERSION</key>
				<string>YES</string>
				<key>CLANG_WARN_CONSTANT_CONVERSION</key>
				<string>YES</string>
				<key>CLANG_WARN_DIRECT_OBJC_ISA_USAGE</key>
				<string>YES_ERROR</string>
				<key>CLANG_WARN_EMPTY_BODY</key>
				<string>YES</string>
				<key>CLANG_WARN_ENUM_CONVERSION</key>
				<string>YES</string>
				<key>CLANG_WARN_INT_CONVERSION</key>
				<string>YES</string>
				<key>CLANG_WARN_OBJC_ROOT_CLASS</key>
				<string>YES_ERROR</string>
				<key>CLANG_WARN__DUPLICATE_METHOD_MATCH</key>
				<string>YES</string>
				<key>CODE_SIGN_IDENTITY</key>
				<string>iPhone Developer: &#26234;&#32500; &#26446; (DQF8JZ3M7J)</string>
				<key>CODE_SIGN_IDENTITY[sdk=iphoneos*]</key>
				<string>iPhone Developer</string>
				<key>COPY_PHASE_STRIP</key>
				<string>NO</string>
				<key>GCC_C_LANGUAGE_STANDARD</key>
				<string>gnu99</string>
				<key>GCC_DYNAMIC_NO_PIC</key>
				<string>NO</string>
				<key>GCC_OPTIMIZATION_LEVEL</key>
				<string>0</string>
				<key>GCC_PREPROCESSOR_DEFINITIONS</key>
				<array>
					<string>DEBUG=1</string>
					<string>$(inherited)</string>
				</array>
				<key>GCC_SYMBOLS_PRIVATE_EXTERN</key>
				<string>NO</string>
				<key>GCC_WARN_64_TO_32_BIT_CONVERSION</key>
				<string>YES</string>
				<key>GCC_WARN_ABOUT_RETURN_TYPE</key>
				<string>YES_ERROR</string>
				<key>GCC_WARN_UNDECLARED_SELECTOR</key>
				<string>YES</string>
				<key>GCC_WARN_UNINITIALIZED_AUTOS</key>
				<string>YES_AGGRESSIVE</string>
				<key>GCC_WARN_UNUSED_FUNCTION</key>
				<string>YES</string>
				<key>GCC_WARN_UNUSED_VARIABLE</key>
				<string>YES</string>
				<key>IPHONEOS_DEPLOYMENT_TARGET</key>
				<string>7.1</string>
				<key>ONLY_ACTIVE_ARCH</key>
				<string>YES</string>
				<key>PROVISIONING_PROFILE</key>
				<string>be8a3e05-7ebe-4392-a023-33b11d7ac529</string>
				<key>SDKROOT</key>
				<string>iphoneos</string>
				<key>TARGETED_DEVICE_FAMILY</key>
				<string>1,2</string>
			</dict>
			<key>isa</key>
			<string>XCBuildConfiguration</string>
			<key>name</key>
			<string>Debug</string>
		</dict>
		<key>70EA812219A756BC00B5DD4E</key>
		<dict>
			<key>buildSettings</key>
			<dict>
				<key>ALWAYS_SEARCH_USER_PATHS</key>
				<string>NO</string>
				<key>CLANG_CXX_LANGUAGE_STANDARD</key>
				<string>gnu++0x</string>
				<key>CLANG_CXX_LIBRARY</key>
				<string>libc++</string>
				<key>CLANG_ENABLE_MODULES</key>
				<string>YES</string>
				<key>CLANG_ENABLE_OBJC_ARC</key>
				<string>YES</string>
				<key>CLANG_WARN_BOOL_CONVERSION</key>
				<string>YES</string>
				<key>CLANG_WARN_CONSTANT_CONVERSION</key>
				<string>YES</string>
				<key>CLANG_WARN_DIRECT_OBJC_ISA_USAGE</key>
				<string>YES_ERROR</string>
				<key>CLANG_WARN_EMPTY_BODY</key>
				<string>YES</string>
				<key>CLANG_WARN_ENUM_CONVERSION</key>
				<string>YES</string>
				<key>CLANG_WARN_INT_CONVERSION</key>
				<string>YES</string>
				<key>CLANG_WARN_OBJC_ROOT_CLASS</key>
				<string>YES_ERROR</string>
				<key>CLANG_WARN__DUPLICATE_METHOD_MATCH</key>
				<string>YES</string>
				<key>CODE_SIGN_IDENTITY</key>
				<string>iPhone Developer: &#26234;&#32500; &#26446; (DQF8JZ3M7J)</string>
				<key>CODE_SIGN_IDENTITY[sdk=iphoneos*]</key>
				<string>iPhone Developer</string>
				<key>COPY_PHASE_STRIP</key>
				<string>YES</string>
				<key>ENABLE_NS_ASSERTIONS</key>
				<string>NO</string>
				<key>GCC_C_LANGUAGE_STANDARD</key>
				<string>gnu99</string>
				<key>GCC_WARN_64_TO_32_BIT_CONVERSION</key>
				<string>YES</string>
				<key>GCC_WARN_ABOUT_RETURN_TYPE</key>
				<string>YES_ERROR</string>
				<key>GCC_WARN_UNDECLARED_SELECTOR</key>
				<string>YES</string>
				<key>GCC_WARN_UNINITIALIZED_AUTOS</key>
				<string>YES_AGGRESSIVE</string>
				<key>GCC_WARN_UNUSED_FUNCTION</key>
				<string>YES</string>
				<key>GCC_WARN_UNUSED_VARIABLE</key>
				<string>YES</string>
				<key>IPHONEOS_DEPLOYMENT_TARGET</key>
				<string>7.1</string>
				<key>PROVISIONING_PROFILE</key>
				<string>be8a3e05-7ebe-4392-a023-33b11d7ac529</string>
				<key>SDKROOT</key>
				<string>iphoneos</string>
				<key>TARGETED_DEVICE_FAMILY</key>
				<string>1,2</string>
				<key>VALIDATE_PRODUCT</key>
				<string>YES</string>
			</dict>
			<key>isa</key>
			<string>XCBuildConfiguration</string>
			<key>name</key>
			<string>Release</string>
		</dict>
		<key>70EA812319A756BC00B5DD4E</key>
		<dict>
			<key>buildConfigurations</key>
			<array>
				<string>70EA812419A756BC00B5DD4E</string>
				<string>70EA812519A756BC00B5DD4E</string>
			</array>
			<key>defaultConfigurationIsVisible</key>
			<string>0</string>
			<key>defaultConfigurationName</key>
			<string>Release</string>
			<key>isa</key>
			<string>XCConfigurationList</string>
		</dict>
		<key>70EA812419A756BC00B5DD4E</key>
		<dict>
			<key>baseConfigurationReference</key>
			<string>F354BC3BD1F0CC5793283FB8</string>
			<key>buildSettings</key>
			<dict>
				<key>ASSETCATALOG_COMPILER_APPICON_NAME</key>
				<string>AppIcon</string>
				<key>ASSETCATALOG_COMPILER_LAUNCHIMAGE_NAME</key>
				<string>LaunchImage</string>
				<key>CODE_SIGN_IDENTITY</key>
				<string>iPhone Developer</string>
				<key>CODE_SIGN_IDENTITY[sdk=iphoneos*]</key>
				<string>iPhone Developer</string>
				<key>FRAMEWORK_SEARCH_PATHS</key>
				<array>
					<string>$(inherited)</string>
					<string>$(PROJECT_DIR)/Pods/AVOSCloud/iOS/release-v2.6.2.1</string>
					<string>$(PROJECT_DIR)/Pods/AVOSCloudUI/iOS/release-v2.1.2</string>
				</array>
				<key>GCC_PRECOMPILE_PREFIX_HEADER</key>
				<string>YES</string>
				<key>GCC_PREFIX_HEADER</key>
				<string>test/test-Prefix.pch</string>
				<key>INFOPLIST_FILE</key>
				<string>test/test-Info.plist</string>
				<key>PRODUCT_NAME</key>
				<string>$(TARGET_NAME)</string>
				<key>PROVISIONING_PROFILE</key>
				<string></string>
				<key>WRAPPER_EXTENSION</key>
				<string>app</string>
			</dict>
			<key>isa</key>
			<string>XCBuildConfiguration</string>
			<key>name</key>
			<string>Debug</string>
		</dict>
		<key>70EA812519A756BC00B5DD4E</key>
		<dict>
			<key>baseConfigurationReference</key>
			<string>6F0C8A59EB8E27E56C9A640F</string>
			<key>buildSettings</key>
			<dict>
				<key>ASSETCATALOG_COMPILER_APPICON_NAME</key>
				<string>AppIcon</string>
				<key>ASSETCATALOG_COMPILER_LAUNCHIMAGE_NAME</key>
				<string>LaunchImage</string>
				<key>CODE_SIGN_IDENTITY</key>
				<string>iPhone Developer</string>
				<key>CODE_SIGN_IDENTITY[sdk=iphoneos*]</key>
				<string>iPhone Developer</string>
				<key>FRAMEWORK_SEARCH_PATHS</key>
				<array>
					<string>$(inherited)</string>
					<string>$(PROJECT_DIR)/Pods/AVOSCloud/iOS/release-v2.6.2.1</string>
					<string>$(PROJECT_DIR)/Pods/AVOSCloudUI/iOS/release-v2.1.2</string>
				</array>
				<key>GCC_PRECOMPILE_PREFIX_HEADER</key>
				<string>YES</string>
				<key>GCC_PREFIX_HEADER</key>
				<string>test/test-Prefix.pch</string>
				<key>INFOPLIST_FILE</key>
				<string>test/test-Info.plist</string>
				<key>PRODUCT_NAME</key>
				<string>$(TARGET_NAME)</string>
				<key>PROVISIONING_PROFILE</key>
				<string></string>
				<key>WRAPPER_EXTENSION</key>
				<string>app</string>
			</dict>
			<key>isa</key>
			<string>XCBuildConfiguration</string>
			<key>name</key>
			<string>Release</string>
		</dict>
		<key>70EA812619A756BC00B5DD4E</key>
		<dict>
			<key>buildConfigurations</key>
			<array>
				<string>70EA812719A756BC00B5DD4E</string>
				<string>70EA812819A756BC00B5DD4E</string>
			</array>
			<key>defaultConfigurationIsVisible</key>
			<string>0</string>
			<key>defaultConfigurationName</key>
			<string>Release</string>
			<key>isa</key>
			<string>XCConfigurationList</string>
		</dict>
		<key>70EA812719A756BC00B5DD4E</key>
		<dict>
			<key>buildSettings</key>
			<dict>
				<key>BUNDLE_LOADER</key>
				<string>$(BUILT_PRODUCTS_DIR)/test.app/test</string>
				<key>FRAMEWORK_SEARCH_PATHS</key>
				<array>
					<string>$(SDKROOT)/Developer/Library/Frameworks</string>
					<string>$(inherited)</string>
					<string>$(DEVELOPER_FRAMEWORKS_DIR)</string>
				</array>
				<key>GCC_PRECOMPILE_PREFIX_HEADER</key>
				<string>YES</string>
				<key>GCC_PREFIX_HEADER</key>
				<string>test/test-Prefix.pch</string>
				<key>GCC_PREPROCESSOR_DEFINITIONS</key>
				<array>
					<string>DEBUG=1</string>
					<string>$(inherited)</string>
				</array>
				<key>INFOPLIST_FILE</key>
				<string>testTests/testTests-Info.plist</string>
				<key>PRODUCT_NAME</key>
				<string>$(TARGET_NAME)</string>
				<key>TEST_HOST</key>
				<string>$(BUNDLE_LOADER)</string>
				<key>WRAPPER_EXTENSION</key>
				<string>xctest</string>
			</dict>
			<key>isa</key>
			<string>XCBuildConfiguration</string>
			<key>name</key>
			<string>Debug</string>
		</dict>
		<key>70EA812819A756BC00B5DD4E</key>
		<dict>
			<key>buildSettings</key>
			<dict>
				<key>BUNDLE_LOADER</key>
				<string>$(BUILT_PRODUCTS_DIR)/test.app/test</string>
				<key>FRAMEWORK_SEARCH_PATHS</key>
				<array>
					<string>$(SDKROOT)/Developer/Library/Frameworks</string>
					<string>$(inherited)</string>
					<string>$(DEVELOPER_FRAMEWORKS_DIR)</string>
				</array>
				<key>GCC_PRECOMPILE_PREFIX_HEADER</key>
				<string>YES</string>
				<key>GCC_PREFIX_HEADER</key>
				<string>test/test-Prefix.pch</string>
				<key>INFOPLIST_FILE</key>
				<string>testTests/testTests-Info.plist</string>
				<key>PRODUCT_NAME</key>
				<string>$(TARGET_NAME)</string>
				<key>TEST_HOST</key>
				<string>$(BUNDLE_LOADER)</string>
				<key>WRAPPER_EXTENSION</key>
				<string>xctest</string>
			</dict>
			<key>isa</key>
			<string>XCBuildConfiguration</string>
			<key>name</key>
			<string>Release</string>
		</dict>
		<key>82EDB0A4B6E96D09198F681F</key>
		<dict>
			<key>fileRef</key>
			<string>0F7640A4349741119D891A0D</string>
			<key>isa</key>
			<string>PBXBuildFile</string>
		</dict>
		<key>E3B2E3C4BA55445C920D441C</key>
		<dict>
			<key>children</key>
			<array>
				<string>F354BC3BD1F0CC5793283FB8</string>
				<string>6F0C8A59EB8E27E56C9A640F</string>
			</array>
			<key>isa</key>
			<string>PBXGroup</string>
			<key>name</key>
			<string>Pods</string>
			<key>sourceTree</key>
			<string>&lt;group&gt;</string>
		</dict>
		<key>F354BC3BD1F0CC5793283FB8</key>
		<dict>
			<key>includeInIndex</key>
			<string>1</string>
			<key>isa</key>
			<string>PBXFileReference</string>
			<key>lastKnownFileType</key>
			<string>text.xcconfig</string>
			<key>name</key>
			<string>Pods.debug.xcconfig</string>
			<key>path</key>
			<string>Pods/Target Support Files/Pods/Pods.debug.xcconfig</string>
			<key>sourceTree</key>
			<string>&lt;group&gt;</string>
		</dict>
		<key>FB961937677B4760948EEC23</key>
		<dict>
			<key>buildActionMask</key>
			<string>2147483647</string>
			<key>files</key>
			<array/>
			<key>inputPaths</key>
			<array/>
			<key>isa</key>
			<string>PBXShellScriptBuildPhase</string>
			<key>name</key>
			<string>Check Pods Manifest.lock</string>
			<key>outputPaths</key>
			<array/>
			<key>runOnlyForDeploymentPostprocessing</key>
			<string>0</string>
			<key>shellPath</key>
			<string>/bin/sh</string>
			<key>shellScript</key>
			<string>diff "${PODS_ROOT}/../Podfile.lock" "${PODS_ROOT}/Manifest.lock" &gt; /dev/null
if [[ $? != 0 ]] ; then
    cat &lt;&lt; EOM
error: The sandbox is not in sync with the Podfile.lock. Run 'pod install' or update your CocoaPods installation.
EOM
    exit 1
fi
</string>
			<key>showEnvVarsInLog</key>
			<string>0</string>
		</dict>
	</dict>
	<key>rootObject</key>
	<string>70EA80E319A756BC00B5DD4E</string>
</dict>
</plist>
